
Microsoft Visual Studio Solution File, Format Version 12.00
# Visual Studio 2013
VisualStudioVersion = 12.0.30723.0
MinimumVisualStudioVersion = 10.0.40219.1
Project("{8BC9CEB8-8B4A-11D0-8D11-00A0C91BC942}") = "ewf.net", "ewf.net\ewf.net.vcxproj", "{C50DB8AE-DF73-4F32-8F2C-E58E64426535}"
EndProject
Project("{8BC9CEB8-8B4A-11D0-8D11-00A0C91BC942}") = "libfcache", "libfcache\libfcache.vcxproj", "{3D19EAAD-9195-468B-BC5B-D147A89CA4F5}"
EndProject
Project("{8BC9CEB8-8B4A-11D0-8D11-00A0C91BC942}") = "libsmraw", "libsmraw\libsmraw.vcxproj", "{6714BF47-8EA4-464F-B3D1-81B19332AD8A}"
EndProject
Project("{8BC9CEB8-8B4A-11D0-8D11-00A0C91BC942}") = "ewf_test_glob", "ewf_test_glob\ewf_test_glob.vcxproj", "{140E4BFC-A25D-4580-B1DF-39A589397492}"
EndProject
Project("{8BC9CEB8-8B4A-11D0-8D11-00A0C91BC942}") = "ewf_test_open_close", "ewf_test_open_close\ewf_test_open_close.vcxproj", "{10EEF740-84A2-49A7-9D38-CFC09D42540D}"
EndProject
Project("{8BC9CEB8-8B4A-11D0-8D11-00A0C91BC942}") = "ewf_test_read", "ewf_test_read\ewf_test_read.vcxproj", "{B129B04A-DA44-4161-80AA-90134A069081}"
EndProject
Project("{8BC9CEB8-8B4A-11D0-8D11-00A0C91BC942}") = "ewf_test_read_chunk", "ewf_test_read_chunk\ewf_test_read_chunk.vcxproj", "{50CF7A85-5AA0-471B-A27F-0580E28A6A87}"
EndProject
Project("{8BC9CEB8-8B4A-11D0-8D11-00A0C91BC942}") = "ewf_test_read_delta", "ewf_test_read_delta\ewf_test_read_delta.vcxproj", "{5F09AC00-C7D3-4981-AB22-1B21CED5D1B8}"
EndProject
Project("{8BC9CEB8-8B4A-11D0-8D11-00A0C91BC942}") = "ewf_test_read_write", "ewf_test_read_write\ewf_test_read_write.vcxproj", "{572116F1-3223-4848-83A5-1A2EF9379C30}"
EndProject
Project("{8BC9CEB8-8B4A-11D0-8D11-00A0C91BC942}") = "ewf_test_read_write_delta", "ewf_test_read_write_delta\ewf_test_read_write_delta.vcxproj", "{6FB9E36E-16BA-4B2C-B201-461E175F1CA6}"
EndProject
Project("{8BC9CEB8-8B4A-11D0-8D11-00A0C91BC942}") = "ewf_test_seek", "ewf_test_seek\ewf_test_seek.vcxproj", "{C5041D28-744E-43AF-A31A-FF79A05D6217}"
EndProject
Project("{8BC9CEB8-8B4A-11D0-8D11-00A0C91BC942}") = "ewf_test_truncate", "ewf_test_truncate\ewf_test_truncate.vcxproj", "{C1E8A559-5952-4A09-92BE-4B37F51302C1}"
EndProject
Project("{8BC9CEB8-8B4A-11D0-8D11-00A0C91BC942}") = "ewf_test_write", "ewf_test_write\ewf_test_write.vcxproj", "{497C0818-1B89-4FF5-847E-520A7A0C6825}"
EndProject
Project("{8BC9CEB8-8B4A-11D0-8D11-00A0C91BC942}") = "ewf_test_write_chunk", "ewf_test_write_chunk\ewf_test_write_chunk.vcxproj", "{A4161EC8-C7E5-4F42-B73A-DE626C524F86}"
EndProject
Project("{8BC9CEB8-8B4A-11D0-8D11-00A0C91BC942}") = "libclocale", "libclocale\libclocale.vcxproj", "{CEDF8919-00B2-4D8A-88CC-84ADB2D2FF89}"
EndProject
Project("{8BC9CEB8-8B4A-11D0-8D11-00A0C91BC942}") = "libsmdev", "libsmdev\libsmdev.vcxproj", "{63788C33-8BBE-4754-A43C-6879CFED3255}"
EndProject
Project("{8BC9CEB8-8B4A-11D0-8D11-00A0C91BC942}") = "libbfio", "libbfio\libbfio.vcxproj", "{41CFAFBF-A1C8-4704-AFEF-31979E6452B9}"
EndProject
Project("{8BC9CEB8-8B4A-11D0-8D11-00A0C91BC942}") = "libcaes", "libcaes\libcaes.vcxproj", "{E2E45353-D420-4921-A2CF-59D9047262F8}"
EndProject
Project("{8BC9CEB8-8B4A-11D0-8D11-00A0C91BC942}") = "libewf", "libewf\libewf.vcxproj", "{41C2387C-9D7F-42B9-9998-3430FBC95AE7}"
EndProject
Project("{8BC9CEB8-8B4A-11D0-8D11-00A0C91BC942}") = "libcdatetime", "libcdatetime\libcdatetime.vcxproj", "{E83B079C-1FEC-44CB-A12C-45538D8B86F6}"
EndProject
Project("{8BC9CEB8-8B4A-11D0-8D11-00A0C91BC942}") = "libodraw", "libodraw\libodraw.vcxproj", "{D367F8A1-F693-4007-914C-6DF8E9C3B231}"
EndProject
Project("{8BC9CEB8-8B4A-11D0-8D11-00A0C91BC942}") = "libcfile", "libcfile\libcfile.vcxproj", "{4C93BDD3-1804-47F3-9B34-F2DE0CAE1AE0}"
EndProject
Project("{8BC9CEB8-8B4A-11D0-8D11-00A0C91BC942}") = "libcthreads", "libcthreads\libcthreads.vcxproj", "{8AFAA2C6-E025-4B45-B96F-A27D04C6115A}"
EndProject
Project("{8BC9CEB8-8B4A-11D0-8D11-00A0C91BC942}") = "libcpath", "libcpath\libcpath.vcxproj", "{3FFB9C05-1145-45A7-9ADE-5C8D70FBD7CA}"
EndProject
Project("{8BC9CEB8-8B4A-11D0-8D11-00A0C91BC942}") = "libhmac", "libhmac\libhmac.vcxproj", "{D6DC307C-0CA0-4144-BB19-9C43B476280F}"
EndProject
Project("{8BC9CEB8-8B4A-11D0-8D11-00A0C91BC942}") = "libcstring", "libcstring\libcstring.vcxproj", "{20FFC4C9-F44C-45F6-A827-4819B4DF3C9F}"
EndProject
Project("{8BC9CEB8-8B4A-11D0-8D11-00A0C91BC942}") = "libuna", "libuna\libuna.vcxproj", "{BC27FF34-C859-4A1A-95D6-FC89952E1910}"
EndProject
Project("{8BC9CEB8-8B4A-11D0-8D11-00A0C91BC942}") = "libfvalue", "libfvalue\libfvalue.vcxproj", "{85005D62-6AA7-4D8A-86CB-4061B23D7C6C}"
EndProject
Project("{8BC9CEB8-8B4A-11D0-8D11-00A0C91BC942}") = "libcerror", "libcerror\libcerror.vcxproj", "{BD3A95FA-A3DE-4B79-A889-A7E5ECA4B69C}"
EndProject
Project("{8BC9CEB8-8B4A-11D0-8D11-00A0C91BC942}") = "libcnotify", "libcnotify\libcnotify.vcxproj", "{5304AD69-D449-4589-B2C9-E4607E56A51D}"
EndProject
Project("{8BC9CEB8-8B4A-11D0-8D11-00A0C91BC942}") = "libcsystem", "libcsystem\libcsystem.vcxproj", "{05BED205-1AFD-4C6F-9331-769800CC1BB3}"
EndProject
Project("{8BC9CEB8-8B4A-11D0-8D11-00A0C91BC942}") = "ewfacquire", "ewfacquire\ewfacquire.vcxproj", "{7D57918B-6B13-4F5D-BA51-04BB6047A91C}"
EndProject
Project("{8BC9CEB8-8B4A-11D0-8D11-00A0C91BC942}") = "ewfacquirestream", "ewfacquirestream\ewfacquirestream.vcxproj", "{A7DD27F1-73B6-447B-ADF4-424518923A98}"
EndProject
Project("{8BC9CEB8-8B4A-11D0-8D11-00A0C91BC942}") = "ewfdebug", "ewfdebug\ewfdebug.vcxproj", "{D9640C73-47CC-4593-9BFA-E22198DB240A}"
EndProject
Project("{8BC9CEB8-8B4A-11D0-8D11-00A0C91BC942}") = "ewfexport", "ewfexport\ewfexport.vcxproj", "{6B758D1D-FE05-49C6-836B-9B8AC8DC4FCD}"
EndProject
Project("{8BC9CEB8-8B4A-11D0-8D11-00A0C91BC942}") = "ewfinfo", "ewfinfo\ewfinfo.vcxproj", "{A7545354-5D50-49F6-A3D0-1F97F6228955}"
EndProject
Project("{8BC9CEB8-8B4A-11D0-8D11-00A0C91BC942}") = "ewfrecover", "ewfrecover\ewfrecover.vcxproj", "{B8FA75BE-7C57-46C3-8A3E-A0A4D15B84F6}"
EndProject
Project("{8BC9CEB8-8B4A-11D0-8D11-00A0C91BC942}") = "ewfverify", "ewfverify\ewfverify.vcxproj", "{E47BC48E-4CDC-49CC-B82E-4468DE2540DE}"
EndProject
Project("{8BC9CEB8-8B4A-11D0-8D11-00A0C91BC942}") = "libfdata", "libfdata\libfdata.vcxproj", "{F94DCC2D-2B49-453E-89B3-FD81992677D0}"
EndProject
Project("{8BC9CEB8-8B4A-11D0-8D11-00A0C91BC942}") = "libcdata", "libcdata\libcdata.vcxproj", "{B9332DC8-7594-47DF-80C1-38922E0F4DFB}"
EndProject
Project("{8BC9CEB8-8B4A-11D0-8D11-00A0C91BC942}") = "libcsplit", "libcsplit\libcsplit.vcxproj", "{B86FB73A-4ACC-42DE-9545-586D93955B06}"
EndProject
Project("{8BC9CEB8-8B4A-11D0-8D11-00A0C91BC942}") = "bzip2", "bzip2\bzip2.vcxproj", "{550F271E-EAF9-4FDE-9865-92EB78088A04}"
EndProject
Project("{8BC9CEB8-8B4A-11D0-8D11-00A0C91BC942}") = "zlib", "zlib\zlib.vcxproj", "{57B5A648-C53B-40F3-9718-F0DF2194FE19}"
EndProject
Global
	GlobalSection(SolutionConfigurationPlatforms) = preSolution
		Release|Win32 = Release|Win32
		Release|x64 = Release|x64
		VSDebug|Win32 = VSDebug|Win32
		VSDebug|x64 = VSDebug|x64
	EndGlobalSection
	GlobalSection(ProjectConfigurationPlatforms) = postSolution
		{C50DB8AE-DF73-4F32-8F2C-E58E64426535}.Release|Win32.ActiveCfg = Release|Win32
		{C50DB8AE-DF73-4F32-8F2C-E58E64426535}.Release|Win32.Build.0 = Release|Win32
		{C50DB8AE-DF73-4F32-8F2C-E58E64426535}.Release|x64.ActiveCfg = Release|x64
		{C50DB8AE-DF73-4F32-8F2C-E58E64426535}.Release|x64.Build.0 = Release|x64
		{C50DB8AE-DF73-4F32-8F2C-E58E64426535}.VSDebug|Win32.ActiveCfg = VSDebug|Win32
		{C50DB8AE-DF73-4F32-8F2C-E58E64426535}.VSDebug|Win32.Build.0 = VSDebug|Win32
		{C50DB8AE-DF73-4F32-8F2C-E58E64426535}.VSDebug|x64.ActiveCfg = VSDebug|x64
		{C50DB8AE-DF73-4F32-8F2C-E58E64426535}.VSDebug|x64.Build.0 = VSDebug|x64
		{3D19EAAD-9195-468B-BC5B-D147A89CA4F5}.Release|Win32.ActiveCfg = Release|Win32
		{3D19EAAD-9195-468B-BC5B-D147A89CA4F5}.Release|Win32.Build.0 = Release|Win32
		{3D19EAAD-9195-468B-BC5B-D147A89CA4F5}.Release|x64.ActiveCfg = Release|x64
		{3D19EAAD-9195-468B-BC5B-D147A89CA4F5}.Release|x64.Build.0 = Release|x64
		{3D19EAAD-9195-468B-BC5B-D147A89CA4F5}.VSDebug|Win32.ActiveCfg = VSDebug|Win32
		{3D19EAAD-9195-468B-BC5B-D147A89CA4F5}.VSDebug|Win32.Build.0 = VSDebug|Win32
		{3D19EAAD-9195-468B-BC5B-D147A89CA4F5}.VSDebug|x64.ActiveCfg = VSDebug|x64
		{3D19EAAD-9195-468B-BC5B-D147A89CA4F5}.VSDebug|x64.Build.0 = VSDebug|x64
		{6714BF47-8EA4-464F-B3D1-81B19332AD8A}.Release|Win32.ActiveCfg = Release|Win32
		{6714BF47-8EA4-464F-B3D1-81B19332AD8A}.Release|Win32.Build.0 = Release|Win32
		{6714BF47-8EA4-464F-B3D1-81B19332AD8A}.Release|x64.ActiveCfg = Release|x64
		{6714BF47-8EA4-464F-B3D1-81B19332AD8A}.Release|x64.Build.0 = Release|x64
		{6714BF47-8EA4-464F-B3D1-81B19332AD8A}.VSDebug|Win32.ActiveCfg = VSDebug|Win32
		{6714BF47-8EA4-464F-B3D1-81B19332AD8A}.VSDebug|Win32.Build.0 = VSDebug|Win32
		{6714BF47-8EA4-464F-B3D1-81B19332AD8A}.VSDebug|x64.ActiveCfg = VSDebug|x64
		{6714BF47-8EA4-464F-B3D1-81B19332AD8A}.VSDebug|x64.Build.0 = VSDebug|x64
		{140E4BFC-A25D-4580-B1DF-39A589397492}.Release|Win32.ActiveCfg = Release|Win32
		{140E4BFC-A25D-4580-B1DF-39A589397492}.Release|Win32.Build.0 = Release|Win32
		{140E4BFC-A25D-4580-B1DF-39A589397492}.Release|x64.ActiveCfg = Release|x64
		{140E4BFC-A25D-4580-B1DF-39A589397492}.Release|x64.Build.0 = Release|x64
		{140E4BFC-A25D-4580-B1DF-39A589397492}.VSDebug|Win32.ActiveCfg = VSDebug|Win32
		{140E4BFC-A25D-4580-B1DF-39A589397492}.VSDebug|Win32.Build.0 = VSDebug|Win32
		{140E4BFC-A25D-4580-B1DF-39A589397492}.VSDebug|x64.ActiveCfg = VSDebug|x64
		{140E4BFC-A25D-4580-B1DF-39A589397492}.VSDebug|x64.Build.0 = VSDebug|x64
		{10EEF740-84A2-49A7-9D38-CFC09D42540D}.Release|Win32.ActiveCfg = Release|Win32
		{10EEF740-84A2-49A7-9D38-CFC09D42540D}.Release|Win32.Build.0 = Release|Win32
		{10EEF740-84A2-49A7-9D38-CFC09D42540D}.Release|x64.ActiveCfg = Release|x64
		{10EEF740-84A2-49A7-9D38-CFC09D42540D}.Release|x64.Build.0 = Release|x64
		{10EEF740-84A2-49A7-9D38-CFC09D42540D}.VSDebug|Win32.ActiveCfg = VSDebug|Win32
		{10EEF740-84A2-49A7-9D38-CFC09D42540D}.VSDebug|Win32.Build.0 = VSDebug|Win32
		{10EEF740-84A2-49A7-9D38-CFC09D42540D}.VSDebug|x64.ActiveCfg = VSDebug|x64
		{10EEF740-84A2-49A7-9D38-CFC09D42540D}.VSDebug|x64.Build.0 = VSDebug|x64
		{B129B04A-DA44-4161-80AA-90134A069081}.Release|Win32.ActiveCfg = Release|Win32
		{B129B04A-DA44-4161-80AA-90134A069081}.Release|Win32.Build.0 = Release|Win32
		{B129B04A-DA44-4161-80AA-90134A069081}.Release|x64.ActiveCfg = Release|x64
		{B129B04A-DA44-4161-80AA-90134A069081}.Release|x64.Build.0 = Release|x64
		{B129B04A-DA44-4161-80AA-90134A069081}.VSDebug|Win32.ActiveCfg = VSDebug|Win32
		{B129B04A-DA44-4161-80AA-90134A069081}.VSDebug|Win32.Build.0 = VSDebug|Win32
		{B129B04A-DA44-4161-80AA-90134A069081}.VSDebug|x64.ActiveCfg = VSDebug|x64
		{B129B04A-DA44-4161-80AA-90134A069081}.VSDebug|x64.Build.0 = VSDebug|x64
		{50CF7A85-5AA0-471B-A27F-0580E28A6A87}.Release|Win32.ActiveCfg = Release|Win32
		{50CF7A85-5AA0-471B-A27F-0580E28A6A87}.Release|Win32.Build.0 = Release|Win32
		{50CF7A85-5AA0-471B-A27F-0580E28A6A87}.Release|x64.ActiveCfg = Release|x64
		{50CF7A85-5AA0-471B-A27F-0580E28A6A87}.Release|x64.Build.0 = Release|x64
		{50CF7A85-5AA0-471B-A27F-0580E28A6A87}.VSDebug|Win32.ActiveCfg = VSDebug|Win32
		{50CF7A85-5AA0-471B-A27F-0580E28A6A87}.VSDebug|Win32.Build.0 = VSDebug|Win32
		{50CF7A85-5AA0-471B-A27F-0580E28A6A87}.VSDebug|x64.ActiveCfg = VSDebug|x64
		{50CF7A85-5AA0-471B-A27F-0580E28A6A87}.VSDebug|x64.Build.0 = VSDebug|x64
		{5F09AC00-C7D3-4981-AB22-1B21CED5D1B8}.Release|Win32.ActiveCfg = Release|Win32
		{5F09AC00-C7D3-4981-AB22-1B21CED5D1B8}.Release|Win32.Build.0 = Release|Win32
		{5F09AC00-C7D3-4981-AB22-1B21CED5D1B8}.Release|x64.ActiveCfg = Release|x64
		{5F09AC00-C7D3-4981-AB22-1B21CED5D1B8}.Release|x64.Build.0 = Release|x64
		{5F09AC00-C7D3-4981-AB22-1B21CED5D1B8}.VSDebug|Win32.ActiveCfg = VSDebug|Win32
		{5F09AC00-C7D3-4981-AB22-1B21CED5D1B8}.VSDebug|Win32.Build.0 = VSDebug|Win32
		{5F09AC00-C7D3-4981-AB22-1B21CED5D1B8}.VSDebug|x64.ActiveCfg = VSDebug|x64
		{5F09AC00-C7D3-4981-AB22-1B21CED5D1B8}.VSDebug|x64.Build.0 = VSDebug|x64
		{572116F1-3223-4848-83A5-1A2EF9379C30}.Release|Win32.ActiveCfg = Release|Win32
		{572116F1-3223-4848-83A5-1A2EF9379C30}.Release|Win32.Build.0 = Release|Win32
		{572116F1-3223-4848-83A5-1A2EF9379C30}.Release|x64.ActiveCfg = Release|x64
		{572116F1-3223-4848-83A5-1A2EF9379C30}.Release|x64.Build.0 = Release|x64
		{572116F1-3223-4848-83A5-1A2EF9379C30}.VSDebug|Win32.ActiveCfg = VSDebug|Win32
		{572116F1-3223-4848-83A5-1A2EF9379C30}.VSDebug|Win32.Build.0 = VSDebug|Win32
		{572116F1-3223-4848-83A5-1A2EF9379C30}.VSDebug|x64.ActiveCfg = VSDebug|x64
		{572116F1-3223-4848-83A5-1A2EF9379C30}.VSDebug|x64.Build.0 = VSDebug|x64
		{6FB9E36E-16BA-4B2C-B201-461E175F1CA6}.Release|Win32.ActiveCfg = Release|Win32
		{6FB9E36E-16BA-4B2C-B201-461E175F1CA6}.Release|Win32.Build.0 = Release|Win32
		{6FB9E36E-16BA-4B2C-B201-461E175F1CA6}.Release|x64.ActiveCfg = Release|x64
		{6FB9E36E-16BA-4B2C-B201-461E175F1CA6}.Release|x64.Build.0 = Release|x64
		{6FB9E36E-16BA-4B2C-B201-461E175F1CA6}.VSDebug|Win32.ActiveCfg = VSDebug|Win32
		{6FB9E36E-16BA-4B2C-B201-461E175F1CA6}.VSDebug|Win32.Build.0 = VSDebug|Win32
		{6FB9E36E-16BA-4B2C-B201-461E175F1CA6}.VSDebug|x64.ActiveCfg = VSDebug|x64
		{6FB9E36E-16BA-4B2C-B201-461E175F1CA6}.VSDebug|x64.Build.0 = VSDebug|x64
		{C5041D28-744E-43AF-A31A-FF79A05D6217}.Release|Win32.ActiveCfg = Release|Win32
		{C5041D28-744E-43AF-A31A-FF79A05D6217}.Release|Win32.Build.0 = Release|Win32
		{C5041D28-744E-43AF-A31A-FF79A05D6217}.Release|x64.ActiveCfg = Release|x64
		{C5041D28-744E-43AF-A31A-FF79A05D6217}.Release|x64.Build.0 = Release|x64
		{C5041D28-744E-43AF-A31A-FF79A05D6217}.VSDebug|Win32.ActiveCfg = VSDebug|Win32
		{C5041D28-744E-43AF-A31A-FF79A05D6217}.VSDebug|Win32.Build.0 = VSDebug|Win32
		{C5041D28-744E-43AF-A31A-FF79A05D6217}.VSDebug|x64.ActiveCfg = VSDebug|x64
		{C5041D28-744E-43AF-A31A-FF79A05D6217}.VSDebug|x64.Build.0 = VSDebug|x64
		{C1E8A559-5952-4A09-92BE-4B37F51302C1}.Release|Win32.ActiveCfg = Release|Win32
		{C1E8A559-5952-4A09-92BE-4B37F51302C1}.Release|Win32.Build.0 = Release|Win32
		{C1E8A559-5952-4A09-92BE-4B37F51302C1}.Release|x64.ActiveCfg = Release|x64
		{C1E8A559-5952-4A09-92BE-4B37F51302C1}.Release|x64.Build.0 = Release|x64
		{C1E8A559-5952-4A09-92BE-4B37F51302C1}.VSDebug|Win32.ActiveCfg = VSDebug|Win32
		{C1E8A559-5952-4A09-92BE-4B37F51302C1}.VSDebug|Win32.Build.0 = VSDebug|Win32
		{C1E8A559-5952-4A09-92BE-4B37F51302C1}.VSDebug|x64.ActiveCfg = VSDebug|x64
		{C1E8A559-5952-4A09-92BE-4B37F51302C1}.VSDebug|x64.Build.0 = VSDebug|x64
		{497C0818-1B89-4FF5-847E-520A7A0C6825}.Release|Win32.ActiveCfg = Release|Win32
		{497C0818-1B89-4FF5-847E-520A7A0C6825}.Release|Win32.Build.0 = Release|Win32
		{497C0818-1B89-4FF5-847E-520A7A0C6825}.Release|x64.ActiveCfg = Release|x64
		{497C0818-1B89-4FF5-847E-520A7A0C6825}.Release|x64.Build.0 = Release|x64
		{497C0818-1B89-4FF5-847E-520A7A0C6825}.VSDebug|Win32.ActiveCfg = VSDebug|Win32
		{497C0818-1B89-4FF5-847E-520A7A0C6825}.VSDebug|Win32.Build.0 = VSDebug|Win32
		{497C0818-1B89-4FF5-847E-520A7A0C6825}.VSDebug|x64.ActiveCfg = VSDebug|x64
		{497C0818-1B89-4FF5-847E-520A7A0C6825}.VSDebug|x64.Build.0 = VSDebug|x64
		{A4161EC8-C7E5-4F42-B73A-DE626C524F86}.Release|Win32.ActiveCfg = Release|Win32
		{A4161EC8-C7E5-4F42-B73A-DE626C524F86}.Release|Win32.Build.0 = Release|Win32
		{A4161EC8-C7E5-4F42-B73A-DE626C524F86}.Release|x64.ActiveCfg = Release|x64
		{A4161EC8-C7E5-4F42-B73A-DE626C524F86}.Release|x64.Build.0 = Release|x64
		{A4161EC8-C7E5-4F42-B73A-DE626C524F86}.VSDebug|Win32.ActiveCfg = VSDebug|Win32
		{A4161EC8-C7E5-4F42-B73A-DE626C524F86}.VSDebug|Win32.Build.0 = VSDebug|Win32
		{A4161EC8-C7E5-4F42-B73A-DE626C524F86}.VSDebug|x64.ActiveCfg = VSDebug|x64
		{A4161EC8-C7E5-4F42-B73A-DE626C524F86}.VSDebug|x64.Build.0 = VSDebug|x64
		{CEDF8919-00B2-4D8A-88CC-84ADB2D2FF89}.Release|Win32.ActiveCfg = Release|Win32
		{CEDF8919-00B2-4D8A-88CC-84ADB2D2FF89}.Release|Win32.Build.0 = Release|Win32
		{CEDF8919-00B2-4D8A-88CC-84ADB2D2FF89}.Release|x64.ActiveCfg = Release|x64
		{CEDF8919-00B2-4D8A-88CC-84ADB2D2FF89}.Release|x64.Build.0 = Release|x64
		{CEDF8919-00B2-4D8A-88CC-84ADB2D2FF89}.VSDebug|Win32.ActiveCfg = VSDebug|Win32
		{CEDF8919-00B2-4D8A-88CC-84ADB2D2FF89}.VSDebug|Win32.Build.0 = VSDebug|Win32
		{CEDF8919-00B2-4D8A-88CC-84ADB2D2FF89}.VSDebug|x64.ActiveCfg = VSDebug|x64
		{CEDF8919-00B2-4D8A-88CC-84ADB2D2FF89}.VSDebug|x64.Build.0 = VSDebug|x64
		{63788C33-8BBE-4754-A43C-6879CFED3255}.Release|Win32.ActiveCfg = Release|Win32
		{63788C33-8BBE-4754-A43C-6879CFED3255}.Release|Win32.Build.0 = Release|Win32
		{63788C33-8BBE-4754-A43C-6879CFED3255}.Release|x64.ActiveCfg = Release|x64
		{63788C33-8BBE-4754-A43C-6879CFED3255}.Release|x64.Build.0 = Release|x64
		{63788C33-8BBE-4754-A43C-6879CFED3255}.VSDebug|Win32.ActiveCfg = VSDebug|Win32
		{63788C33-8BBE-4754-A43C-6879CFED3255}.VSDebug|Win32.Build.0 = VSDebug|Win32
		{63788C33-8BBE-4754-A43C-6879CFED3255}.VSDebug|x64.ActiveCfg = VSDebug|x64
		{63788C33-8BBE-4754-A43C-6879CFED3255}.VSDebug|x64.Build.0 = VSDebug|x64
		{41CFAFBF-A1C8-4704-AFEF-31979E6452B9}.Release|Win32.ActiveCfg = Release|Win32
		{41CFAFBF-A1C8-4704-AFEF-31979E6452B9}.Release|Win32.Build.0 = Release|Win32
		{41CFAFBF-A1C8-4704-AFEF-31979E6452B9}.Release|x64.ActiveCfg = Release|x64
		{41CFAFBF-A1C8-4704-AFEF-31979E6452B9}.Release|x64.Build.0 = Release|x64
		{41CFAFBF-A1C8-4704-AFEF-31979E6452B9}.VSDebug|Win32.ActiveCfg = VSDebug|Win32
		{41CFAFBF-A1C8-4704-AFEF-31979E6452B9}.VSDebug|Win32.Build.0 = VSDebug|Win32
		{41CFAFBF-A1C8-4704-AFEF-31979E6452B9}.VSDebug|x64.ActiveCfg = VSDebug|x64
		{41CFAFBF-A1C8-4704-AFEF-31979E6452B9}.VSDebug|x64.Build.0 = VSDebug|x64
		{E2E45353-D420-4921-A2CF-59D9047262F8}.Release|Win32.ActiveCfg = Release|Win32
		{E2E45353-D420-4921-A2CF-59D9047262F8}.Release|Win32.Build.0 = Release|Win32
		{E2E45353-D420-4921-A2CF-59D9047262F8}.Release|x64.ActiveCfg = Release|x64
		{E2E45353-D420-4921-A2CF-59D9047262F8}.Release|x64.Build.0 = Release|x64
		{E2E45353-D420-4921-A2CF-59D9047262F8}.VSDebug|Win32.ActiveCfg = VSDebug|Win32
		{E2E45353-D420-4921-A2CF-59D9047262F8}.VSDebug|Win32.Build.0 = VSDebug|Win32
		{E2E45353-D420-4921-A2CF-59D9047262F8}.VSDebug|x64.ActiveCfg = VSDebug|x64
		{E2E45353-D420-4921-A2CF-59D9047262F8}.VSDebug|x64.Build.0 = VSDebug|x64
		{41C2387C-9D7F-42B9-9998-3430FBC95AE7}.Release|Win32.ActiveCfg = Release|Win32
		{41C2387C-9D7F-42B9-9998-3430FBC95AE7}.Release|Win32.Build.0 = Release|Win32
		{41C2387C-9D7F-42B9-9998-3430FBC95AE7}.Release|x64.ActiveCfg = Release|x64
		{41C2387C-9D7F-42B9-9998-3430FBC95AE7}.Release|x64.Build.0 = Release|x64
		{41C2387C-9D7F-42B9-9998-3430FBC95AE7}.VSDebug|Win32.ActiveCfg = VSDebug|Win32
		{41C2387C-9D7F-42B9-9998-3430FBC95AE7}.VSDebug|Win32.Build.0 = VSDebug|Win32
		{41C2387C-9D7F-42B9-9998-3430FBC95AE7}.VSDebug|x64.ActiveCfg = VSDebug|x64
		{41C2387C-9D7F-42B9-9998-3430FBC95AE7}.VSDebug|x64.Build.0 = VSDebug|x64
		{E83B079C-1FEC-44CB-A12C-45538D8B86F6}.Release|Win32.ActiveCfg = Release|Win32
		{E83B079C-1FEC-44CB-A12C-45538D8B86F6}.Release|Win32.Build.0 = Release|Win32
		{E83B079C-1FEC-44CB-A12C-45538D8B86F6}.Release|x64.ActiveCfg = Release|x64
		{E83B079C-1FEC-44CB-A12C-45538D8B86F6}.Release|x64.Build.0 = Release|x64
		{E83B079C-1FEC-44CB-A12C-45538D8B86F6}.VSDebug|Win32.ActiveCfg = VSDebug|Win32
		{E83B079C-1FEC-44CB-A12C-45538D8B86F6}.VSDebug|Win32.Build.0 = VSDebug|Win32
		{E83B079C-1FEC-44CB-A12C-45538D8B86F6}.VSDebug|x64.ActiveCfg = VSDebug|x64
		{E83B079C-1FEC-44CB-A12C-45538D8B86F6}.VSDebug|x64.Build.0 = VSDebug|x64
		{D367F8A1-F693-4007-914C-6DF8E9C3B231}.Release|Win32.ActiveCfg = Release|Win32
		{D367F8A1-F693-4007-914C-6DF8E9C3B231}.Release|Win32.Build.0 = Release|Win32
		{D367F8A1-F693-4007-914C-6DF8E9C3B231}.Release|x64.ActiveCfg = Release|x64
		{D367F8A1-F693-4007-914C-6DF8E9C3B231}.Release|x64.Build.0 = Release|x64
		{D367F8A1-F693-4007-914C-6DF8E9C3B231}.VSDebug|Win32.ActiveCfg = VSDebug|Win32
		{D367F8A1-F693-4007-914C-6DF8E9C3B231}.VSDebug|Win32.Build.0 = VSDebug|Win32
		{D367F8A1-F693-4007-914C-6DF8E9C3B231}.VSDebug|x64.ActiveCfg = VSDebug|x64
		{D367F8A1-F693-4007-914C-6DF8E9C3B231}.VSDebug|x64.Build.0 = VSDebug|x64
		{4C93BDD3-1804-47F3-9B34-F2DE0CAE1AE0}.Release|Win32.ActiveCfg = Release|Win32
		{4C93BDD3-1804-47F3-9B34-F2DE0CAE1AE0}.Release|Win32.Build.0 = Release|Win32
		{4C93BDD3-1804-47F3-9B34-F2DE0CAE1AE0}.Release|x64.ActiveCfg = Release|x64
		{4C93BDD3-1804-47F3-9B34-F2DE0CAE1AE0}.Release|x64.Build.0 = Release|x64
		{4C93BDD3-1804-47F3-9B34-F2DE0CAE1AE0}.VSDebug|Win32.ActiveCfg = VSDebug|Win32
		{4C93BDD3-1804-47F3-9B34-F2DE0CAE1AE0}.VSDebug|Win32.Build.0 = VSDebug|Win32
		{4C93BDD3-1804-47F3-9B34-F2DE0CAE1AE0}.VSDebug|x64.ActiveCfg = VSDebug|x64
		{4C93BDD3-1804-47F3-9B34-F2DE0CAE1AE0}.VSDebug|x64.Build.0 = VSDebug|x64
		{8AFAA2C6-E025-4B45-B96F-A27D04C6115A}.Release|Win32.ActiveCfg = Release|Win32
		{8AFAA2C6-E025-4B45-B96F-A27D04C6115A}.Release|Win32.Build.0 = Release|Win32
		{8AFAA2C6-E025-4B45-B96F-A27D04C6115A}.Release|x64.ActiveCfg = Release|x64
		{8AFAA2C6-E025-4B45-B96F-A27D04C6115A}.Release|x64.Build.0 = Release|x64
		{8AFAA2C6-E025-4B45-B96F-A27D04C6115A}.VSDebug|Win32.ActiveCfg = VSDebug|Win32
		{8AFAA2C6-E025-4B45-B96F-A27D04C6115A}.VSDebug|Win32.Build.0 = VSDebug|Win32
		{8AFAA2C6-E025-4B45-B96F-A27D04C6115A}.VSDebug|x64.ActiveCfg = VSDebug|x64
		{8AFAA2C6-E025-4B45-B96F-A27D04C6115A}.VSDebug|x64.Build.0 = VSDebug|x64
		{3FFB9C05-1145-45A7-9ADE-5C8D70FBD7CA}.Release|Win32.ActiveCfg = Release|Win32
		{3FFB9C05-1145-45A7-9ADE-5C8D70FBD7CA}.Release|Win32.Build.0 = Release|Win32
		{3FFB9C05-1145-45A7-9ADE-5C8D70FBD7CA}.Release|x64.ActiveCfg = Release|x64
		{3FFB9C05-1145-45A7-9ADE-5C8D70FBD7CA}.Release|x64.Build.0 = Release|x64
		{3FFB9C05-1145-45A7-9ADE-5C8D70FBD7CA}.VSDebug|Win32.ActiveCfg = VSDebug|Win32
		{3FFB9C05-1145-45A7-9ADE-5C8D70FBD7CA}.VSDebug|Win32.Build.0 = VSDebug|Win32
		{3FFB9C05-1145-45A7-9ADE-5C8D70FBD7CA}.VSDebug|x64.ActiveCfg = VSDebug|x64
		{3FFB9C05-1145-45A7-9ADE-5C8D70FBD7CA}.VSDebug|x64.Build.0 = VSDebug|x64
		{D6DC307C-0CA0-4144-BB19-9C43B476280F}.Release|Win32.ActiveCfg = Release|Win32
		{D6DC307C-0CA0-4144-BB19-9C43B476280F}.Release|Win32.Build.0 = Release|Win32
		{D6DC307C-0CA0-4144-BB19-9C43B476280F}.Release|x64.ActiveCfg = Release|x64
		{D6DC307C-0CA0-4144-BB19-9C43B476280F}.Release|x64.Build.0 = Release|x64
		{D6DC307C-0CA0-4144-BB19-9C43B476280F}.VSDebug|Win32.ActiveCfg = VSDebug|Win32
		{D6DC307C-0CA0-4144-BB19-9C43B476280F}.VSDebug|Win32.Build.0 = VSDebug|Win32
		{D6DC307C-0CA0-4144-BB19-9C43B476280F}.VSDebug|x64.ActiveCfg = VSDebug|x64
		{D6DC307C-0CA0-4144-BB19-9C43B476280F}.VSDebug|x64.Build.0 = VSDebug|x64
		{20FFC4C9-F44C-45F6-A827-4819B4DF3C9F}.Release|Win32.ActiveCfg = Release|Win32
		{20FFC4C9-F44C-45F6-A827-4819B4DF3C9F}.Release|Win32.Build.0 = Release|Win32
		{20FFC4C9-F44C-45F6-A827-4819B4DF3C9F}.Release|x64.ActiveCfg = Release|x64
		{20FFC4C9-F44C-45F6-A827-4819B4DF3C9F}.Release|x64.Build.0 = Release|x64
		{20FFC4C9-F44C-45F6-A827-4819B4DF3C9F}.VSDebug|Win32.ActiveCfg = VSDebug|Win32
		{20FFC4C9-F44C-45F6-A827-4819B4DF3C9F}.VSDebug|Win32.Build.0 = VSDebug|Win32
		{20FFC4C9-F44C-45F6-A827-4819B4DF3C9F}.VSDebug|x64.ActiveCfg = VSDebug|x64
		{20FFC4C9-F44C-45F6-A827-4819B4DF3C9F}.VSDebug|x64.Build.0 = VSDebug|x64
		{BC27FF34-C859-4A1A-95D6-FC89952E1910}.Release|Win32.ActiveCfg = Release|Win32
		{BC27FF34-C859-4A1A-95D6-FC89952E1910}.Release|Win32.Build.0 = Release|Win32
		{BC27FF34-C859-4A1A-95D6-FC89952E1910}.Release|x64.ActiveCfg = Release|x64
		{BC27FF34-C859-4A1A-95D6-FC89952E1910}.Release|x64.Build.0 = Release|x64
		{BC27FF34-C859-4A1A-95D6-FC89952E1910}.VSDebug|Win32.ActiveCfg = VSDebug|Win32
		{BC27FF34-C859-4A1A-95D6-FC89952E1910}.VSDebug|Win32.Build.0 = VSDebug|Win32
		{BC27FF34-C859-4A1A-95D6-FC89952E1910}.VSDebug|x64.ActiveCfg = VSDebug|x64
		{BC27FF34-C859-4A1A-95D6-FC89952E1910}.VSDebug|x64.Build.0 = VSDebug|x64
		{85005D62-6AA7-4D8A-86CB-4061B23D7C6C}.Release|Win32.ActiveCfg = Release|Win32
		{85005D62-6AA7-4D8A-86CB-4061B23D7C6C}.Release|Win32.Build.0 = Release|Win32
		{85005D62-6AA7-4D8A-86CB-4061B23D7C6C}.Release|x64.ActiveCfg = Release|x64
		{85005D62-6AA7-4D8A-86CB-4061B23D7C6C}.Release|x64.Build.0 = Release|x64
		{85005D62-6AA7-4D8A-86CB-4061B23D7C6C}.VSDebug|Win32.ActiveCfg = VSDebug|Win32
		{85005D62-6AA7-4D8A-86CB-4061B23D7C6C}.VSDebug|Win32.Build.0 = VSDebug|Win32
		{85005D62-6AA7-4D8A-86CB-4061B23D7C6C}.VSDebug|x64.ActiveCfg = VSDebug|x64
		{85005D62-6AA7-4D8A-86CB-4061B23D7C6C}.VSDebug|x64.Build.0 = VSDebug|x64
		{BD3A95FA-A3DE-4B79-A889-A7E5ECA4B69C}.Release|Win32.ActiveCfg = Release|Win32
		{BD3A95FA-A3DE-4B79-A889-A7E5ECA4B69C}.Release|Win32.Build.0 = Release|Win32
		{BD3A95FA-A3DE-4B79-A889-A7E5ECA4B69C}.Release|x64.ActiveCfg = Release|x64
		{BD3A95FA-A3DE-4B79-A889-A7E5ECA4B69C}.Release|x64.Build.0 = Release|x64
		{BD3A95FA-A3DE-4B79-A889-A7E5ECA4B69C}.VSDebug|Win32.ActiveCfg = VSDebug|Win32
		{BD3A95FA-A3DE-4B79-A889-A7E5ECA4B69C}.VSDebug|Win32.Build.0 = VSDebug|Win32
		{BD3A95FA-A3DE-4B79-A889-A7E5ECA4B69C}.VSDebug|x64.ActiveCfg = VSDebug|x64
		{BD3A95FA-A3DE-4B79-A889-A7E5ECA4B69C}.VSDebug|x64.Build.0 = VSDebug|x64
		{5304AD69-D449-4589-B2C9-E4607E56A51D}.Release|Win32.ActiveCfg = Release|Win32
		{5304AD69-D449-4589-B2C9-E4607E56A51D}.Release|Win32.Build.0 = Release|Win32
		{5304AD69-D449-4589-B2C9-E4607E56A51D}.Release|x64.ActiveCfg = Release|x64
		{5304AD69-D449-4589-B2C9-E4607E56A51D}.Release|x64.Build.0 = Release|x64
		{5304AD69-D449-4589-B2C9-E4607E56A51D}.VSDebug|Win32.ActiveCfg = VSDebug|Win32
		{5304AD69-D449-4589-B2C9-E4607E56A51D}.VSDebug|Win32.Build.0 = VSDebug|Win32
		{5304AD69-D449-4589-B2C9-E4607E56A51D}.VSDebug|x64.ActiveCfg = VSDebug|x64
		{5304AD69-D449-4589-B2C9-E4607E56A51D}.VSDebug|x64.Build.0 = VSDebug|x64
		{05BED205-1AFD-4C6F-9331-769800CC1BB3}.Release|Win32.ActiveCfg = Release|Win32
		{05BED205-1AFD-4C6F-9331-769800CC1BB3}.Release|Win32.Build.0 = Release|Win32
		{05BED205-1AFD-4C6F-9331-769800CC1BB3}.Release|x64.ActiveCfg = Release|x64
		{05BED205-1AFD-4C6F-9331-769800CC1BB3}.Release|x64.Build.0 = Release|x64
		{05BED205-1AFD-4C6F-9331-769800CC1BB3}.VSDebug|Win32.ActiveCfg = VSDebug|Win32
		{05BED205-1AFD-4C6F-9331-769800CC1BB3}.VSDebug|Win32.Build.0 = VSDebug|Win32
		{05BED205-1AFD-4C6F-9331-769800CC1BB3}.VSDebug|x64.ActiveCfg = VSDebug|x64
		{05BED205-1AFD-4C6F-9331-769800CC1BB3}.VSDebug|x64.Build.0 = VSDebug|x64
		{7D57918B-6B13-4F5D-BA51-04BB6047A91C}.Release|Win32.ActiveCfg = Release|Win32
		{7D57918B-6B13-4F5D-BA51-04BB6047A91C}.Release|Win32.Build.0 = Release|Win32
		{7D57918B-6B13-4F5D-BA51-04BB6047A91C}.Release|x64.ActiveCfg = Release|x64
		{7D57918B-6B13-4F5D-BA51-04BB6047A91C}.Release|x64.Build.0 = Release|x64
		{7D57918B-6B13-4F5D-BA51-04BB6047A91C}.VSDebug|Win32.ActiveCfg = VSDebug|Win32
		{7D57918B-6B13-4F5D-BA51-04BB6047A91C}.VSDebug|Win32.Build.0 = VSDebug|Win32
		{7D57918B-6B13-4F5D-BA51-04BB6047A91C}.VSDebug|x64.ActiveCfg = VSDebug|x64
		{7D57918B-6B13-4F5D-BA51-04BB6047A91C}.VSDebug|x64.Build.0 = VSDebug|x64
		{A7DD27F1-73B6-447B-ADF4-424518923A98}.Release|Win32.ActiveCfg = Release|Win32
		{A7DD27F1-73B6-447B-ADF4-424518923A98}.Release|Win32.Build.0 = Release|Win32
		{A7DD27F1-73B6-447B-ADF4-424518923A98}.Release|x64.ActiveCfg = Release|x64
		{A7DD27F1-73B6-447B-ADF4-424518923A98}.Release|x64.Build.0 = Release|x64
		{A7DD27F1-73B6-447B-ADF4-424518923A98}.VSDebug|Win32.ActiveCfg = VSDebug|Win32
		{A7DD27F1-73B6-447B-ADF4-424518923A98}.VSDebug|Win32.Build.0 = VSDebug|Win32
		{A7DD27F1-73B6-447B-ADF4-424518923A98}.VSDebug|x64.ActiveCfg = VSDebug|x64
		{A7DD27F1-73B6-447B-ADF4-424518923A98}.VSDebug|x64.Build.0 = VSDebug|x64
		{D9640C73-47CC-4593-9BFA-E22198DB240A}.Release|Win32.ActiveCfg = Release|Win32
		{D9640C73-47CC-4593-9BFA-E22198DB240A}.Release|Win32.Build.0 = Release|Win32
		{D9640C73-47CC-4593-9BFA-E22198DB240A}.Release|x64.ActiveCfg = Release|x64
		{D9640C73-47CC-4593-9BFA-E22198DB240A}.Release|x64.Build.0 = Release|x64
		{D9640C73-47CC-4593-9BFA-E22198DB240A}.VSDebug|Win32.ActiveCfg = VSDebug|Win32
		{D9640C73-47CC-4593-9BFA-E22198DB240A}.VSDebug|Win32.Build.0 = VSDebug|Win32
		{D9640C73-47CC-4593-9BFA-E22198DB240A}.VSDebug|x64.ActiveCfg = VSDebug|x64
		{D9640C73-47CC-4593-9BFA-E22198DB240A}.VSDebug|x64.Build.0 = VSDebug|x64
		{6B758D1D-FE05-49C6-836B-9B8AC8DC4FCD}.Release|Win32.ActiveCfg = Release|Win32
		{6B758D1D-FE05-49C6-836B-9B8AC8DC4FCD}.Release|Win32.Build.0 = Release|Win32
		{6B758D1D-FE05-49C6-836B-9B8AC8DC4FCD}.Release|x64.ActiveCfg = Release|x64
		{6B758D1D-FE05-49C6-836B-9B8AC8DC4FCD}.Release|x64.Build.0 = Release|x64
		{6B758D1D-FE05-49C6-836B-9B8AC8DC4FCD}.VSDebug|Win32.ActiveCfg = VSDebug|Win32
		{6B758D1D-FE05-49C6-836B-9B8AC8DC4FCD}.VSDebug|Win32.Build.0 = VSDebug|Win32
		{6B758D1D-FE05-49C6-836B-9B8AC8DC4FCD}.VSDebug|x64.ActiveCfg = VSDebug|x64
		{6B758D1D-FE05-49C6-836B-9B8AC8DC4FCD}.VSDebug|x64.Build.0 = VSDebug|x64
		{A7545354-5D50-49F6-A3D0-1F97F6228955}.Release|Win32.ActiveCfg = Release|Win32
		{A7545354-5D50-49F6-A3D0-1F97F6228955}.Release|Win32.Build.0 = Release|Win32
		{A7545354-5D50-49F6-A3D0-1F97F6228955}.Release|x64.ActiveCfg = Release|x64
		{A7545354-5D50-49F6-A3D0-1F97F6228955}.Release|x64.Build.0 = Release|x64
		{A7545354-5D50-49F6-A3D0-1F97F6228955}.VSDebug|Win32.ActiveCfg = VSDebug|Win32
		{A7545354-5D50-49F6-A3D0-1F97F6228955}.VSDebug|Win32.Build.0 = VSDebug|Win32
		{A7545354-5D50-49F6-A3D0-1F97F6228955}.VSDebug|x64.ActiveCfg = VSDebug|x64
		{A7545354-5D50-49F6-A3D0-1F97F6228955}.VSDebug|x64.Build.0 = VSDebug|x64
		{B8FA75BE-7C57-46C3-8A3E-A0A4D15B84F6}.Release|Win32.ActiveCfg = Release|Win32
		{B8FA75BE-7C57-46C3-8A3E-A0A4D15B84F6}.Release|Win32.Build.0 = Release|Win32
		{B8FA75BE-7C57-46C3-8A3E-A0A4D15B84F6}.Release|x64.ActiveCfg = Release|x64
		{B8FA75BE-7C57-46C3-8A3E-A0A4D15B84F6}.Release|x64.Build.0 = Release|x64
		{B8FA75BE-7C57-46C3-8A3E-A0A4D15B84F6}.VSDebug|Win32.ActiveCfg = VSDebug|Win32
		{B8FA75BE-7C57-46C3-8A3E-A0A4D15B84F6}.VSDebug|Win32.Build.0 = VSDebug|Win32
		{B8FA75BE-7C57-46C3-8A3E-A0A4D15B84F6}.VSDebug|x64.ActiveCfg = VSDebug|x64
		{B8FA75BE-7C57-46C3-8A3E-A0A4D15B84F6}.VSDebug|x64.Build.0 = VSDebug|x64
		{E47BC48E-4CDC-49CC-B82E-4468DE2540DE}.Release|Win32.ActiveCfg = Release|Win32
		{E47BC48E-4CDC-49CC-B82E-4468DE2540DE}.Release|Win32.Build.0 = Release|Win32
		{E47BC48E-4CDC-49CC-B82E-4468DE2540DE}.Release|x64.ActiveCfg = Release|x64
		{E47BC48E-4CDC-49CC-B82E-4468DE2540DE}.Release|x64.Build.0 = Release|x64
		{E47BC48E-4CDC-49CC-B82E-4468DE2540DE}.VSDebug|Win32.ActiveCfg = VSDebug|Win32
		{E47BC48E-4CDC-49CC-B82E-4468DE2540DE}.VSDebug|Win32.Build.0 = VSDebug|Win32
		{E47BC48E-4CDC-49CC-B82E-4468DE2540DE}.VSDebug|x64.ActiveCfg = VSDebug|x64
		{E47BC48E-4CDC-49CC-B82E-4468DE2540DE}.VSDebug|x64.Build.0 = VSDebug|x64
		{F94DCC2D-2B49-453E-89B3-FD81992677D0}.Release|Win32.ActiveCfg = Release|Win32
		{F94DCC2D-2B49-453E-89B3-FD81992677D0}.Release|Win32.Build.0 = Release|Win32
		{F94DCC2D-2B49-453E-89B3-FD81992677D0}.Release|x64.ActiveCfg = Release|x64
		{F94DCC2D-2B49-453E-89B3-FD81992677D0}.Release|x64.Build.0 = Release|x64
		{F94DCC2D-2B49-453E-89B3-FD81992677D0}.VSDebug|Win32.ActiveCfg = VSDebug|Win32
		{F94DCC2D-2B49-453E-89B3-FD81992677D0}.VSDebug|Win32.Build.0 = VSDebug|Win32
		{F94DCC2D-2B49-453E-89B3-FD81992677D0}.VSDebug|x64.ActiveCfg = VSDebug|x64
		{F94DCC2D-2B49-453E-89B3-FD81992677D0}.VSDebug|x64.Build.0 = VSDebug|x64
		{B9332DC8-7594-47DF-80C1-38922E0F4DFB}.Release|Win32.ActiveCfg = Release|Win32
		{B9332DC8-7594-47DF-80C1-38922E0F4DFB}.Release|Win32.Build.0 = Release|Win32
		{B9332DC8-7594-47DF-80C1-38922E0F4DFB}.Release|x64.ActiveCfg = Release|x64
		{B9332DC8-7594-47DF-80C1-38922E0F4DFB}.Release|x64.Build.0 = Release|x64
		{B9332DC8-7594-47DF-80C1-38922E0F4DFB}.VSDebug|Win32.ActiveCfg = VSDebug|Win32
		{B9332DC8-7594-47DF-80C1-38922E0F4DFB}.VSDebug|Win32.Build.0 = VSDebug|Win32
		{B9332DC8-7594-47DF-80C1-38922E0F4DFB}.VSDebug|x64.ActiveCfg = VSDebug|x64
		{B9332DC8-7594-47DF-80C1-38922E0F4DFB}.VSDebug|x64.Build.0 = VSDebug|x64
		{B86FB73A-4ACC-42DE-9545-586D93955B06}.Release|Win32.ActiveCfg = Release|Win32
		{B86FB73A-4ACC-42DE-9545-586D93955B06}.Release|Win32.Build.0 = Release|Win32
		{B86FB73A-4ACC-42DE-9545-586D93955B06}.Release|x64.ActiveCfg = Release|x64
		{B86FB73A-4ACC-42DE-9545-586D93955B06}.Release|x64.Build.0 = Release|x64
		{B86FB73A-4ACC-42DE-9545-586D93955B06}.VSDebug|Win32.ActiveCfg = VSDebug|Win32
		{B86FB73A-4ACC-42DE-9545-586D93955B06}.VSDebug|Win32.Build.0 = VSDebug|Win32
		{B86FB73A-4ACC-42DE-9545-586D93955B06}.VSDebug|x64.ActiveCfg = VSDebug|x64
		{B86FB73A-4ACC-42DE-9545-586D93955B06}.VSDebug|x64.Build.0 = VSDebug|x64
		{550F271E-EAF9-4FDE-9865-92EB78088A04}.Release|Win32.ActiveCfg = Release|Win32
		{550F271E-EAF9-4FDE-9865-92EB78088A04}.Release|Win32.Build.0 = Release|Win32
		{550F271E-EAF9-4FDE-9865-92EB78088A04}.Release|x64.ActiveCfg = Release|x64
		{550F271E-EAF9-4FDE-9865-92EB78088A04}.Release|x64.Build.0 = Release|x64
		{550F271E-EAF9-4FDE-9865-92EB78088A04}.VSDebug|Win32.ActiveCfg = VSDebug|Win32
		{550F271E-EAF9-4FDE-9865-92EB78088A04}.VSDebug|Win32.Build.0 = VSDebug|Win32
		{550F271E-EAF9-4FDE-9865-92EB78088A04}.VSDebug|x64.ActiveCfg = VSDebug|x64
		{550F271E-EAF9-4FDE-9865-92EB78088A04}.VSDebug|x64.Build.0 = VSDebug|x64
		{57B5A648-C53B-40F3-9718-F0DF2194FE19}.Release|Win32.ActiveCfg = Release|Win32
		{57B5A648-C53B-40F3-9718-F0DF2194FE19}.Release|Win32.Build.0 = Release|Win32
		{57B5A648-C53B-40F3-9718-F0DF2194FE19}.Release|x64.ActiveCfg = Release|x64
		{57B5A648-C53B-40F3-9718-F0DF2194FE19}.Release|x64.Build.0 = Release|x64
		{57B5A648-C53B-40F3-9718-F0DF2194FE19}.VSDebug|Win32.ActiveCfg = VSDebug|Win32
		{57B5A648-C53B-40F3-9718-F0DF2194FE19}.VSDebug|Win32.Build.0 = VSDebug|Win32
		{57B5A648-C53B-40F3-9718-F0DF2194FE19}.VSDebug|x64.ActiveCfg = VSDebug|x64
		{57B5A648-C53B-40F3-9718-F0DF2194FE19}.VSDebug|x64.Build.0 = VSDebug|x64
	EndGlobalSection
	GlobalSection(SolutionProperties) = preSolution
		HideSolutionNode = FALSE
	EndGlobalSection
EndGlobal
